
Microsoft Visual Studio Solution File, Format Version 12.00
# Visual Studio Version 17
VisualStudioVersion = 17.9.34728.123
MinimumVisualStudioVersion = 10.0.40219.1
Project("{FAE04EC0-301F-11D3-BF4B-00C04F79EFBC}") = "sistemaweb", "sistemaweb\sistemaweb.csproj", "{4CBFD5B8-E6B5-4718-A569-B74F4DDC37F4}"
EndProject
Global
	GlobalSection(SolutionConfigurationPlatforms) = preSolution
		Debug|Any CPU = Debug|Any CPU
		Release|Any CPU = Release|Any CPU
	EndGlobalSection
	GlobalSection(ProjectConfigurationPlatforms) = postSolution
		{4CBFD5B8-E6B5-4718-A569-B74F4DDC37F4}.Debug|Any CPU.ActiveCfg = Debug|Any CPU
		{4CBFD5B8-E6B5-4718-A569-B74F4DDC37F4}.Debug|Any CPU.Build.0 = Debug|Any CPU
		{4CBFD5B8-E6B5-4718-A569-B74F4DDC37F4}.Release|Any CPU.ActiveCfg = Release|Any CPU
		{4CBFD5B8-E6B5-4718-A569-B74F4DDC37F4}.Release|Any CPU.Build.0 = Release|Any CPU
	EndGlobalSection
	GlobalSection(SolutionProperties) = preSolution
		HideSolutionNode = FALSE
	EndGlobalSection
	GlobalSection(ExtensibilityGlobals) = postSolution
		SolutionGuid = {47B658AE-F706-4E45-B5C8-72F4B5C76D31}
	EndGlobalSection
EndGlobal
